
Microsoft Visual Studio Solution File, Format Version 12.00
# Visual Studio 15
VisualStudioVersion = 15.0.28307.1622
MinimumVisualStudioVersion = 10.0.40219.1
Project("{8BC9CEB8-8B4A-11D0-8D11-00A0C91BC942}") = "task1", "task1\task1.vcxproj", "{77DD388C-F2DE-4689-BA31-079D99FDB787}"
EndProject
Project("{8BC9CEB8-8B4A-11D0-8D11-00A0C91BC942}") = "task2", "task2\task2.vcxproj", "{CA94559A-ED8A-4F87-A7E8-82B82C7647E5}"
EndProject
Project("{8BC9CEB8-8B4A-11D0-8D11-00A0C91BC942}") = "task3", "task3\task3.vcxproj", "{8636C21D-5F47-4094-9FA5-27101E1097B1}"
EndProject
Project("{8BC9CEB8-8B4A-11D0-8D11-00A0C91BC942}") = "task4", "task4\task4.vcxproj", "{451C0400-D240-4870-AA59-C15C7D847C8E}"
EndProject
Project("{8BC9CEB8-8B4A-11D0-8D11-00A0C91BC942}") = "task5", "task5\task5.vcxproj", "{8A5C9377-4D96-47B1-96A4-BAE8DA18CB6B}"
EndProject
Project("{8BC9CEB8-8B4A-11D0-8D11-00A0C91BC942}") = "task6", "task6\task6.vcxproj", "{9C7BABFF-0183-4E3D-A0E1-6B897C108656}"
EndProject
Project("{8BC9CEB8-8B4A-11D0-8D11-00A0C91BC942}") = "task7", "task7\task7.vcxproj", "{1DCB0C8E-75C4-49C4-A51E-028C3F8443BB}"
EndProject
Project("{8BC9CEB8-8B4A-11D0-8D11-00A0C91BC942}") = "task8", "task8\task8.vcxproj", "{F4DA354F-8CE4-40A5-A153-7F1639B0EFF7}"
EndProject
Project("{8BC9CEB8-8B4A-11D0-8D11-00A0C91BC942}") = "task9", "task9\task9.vcxproj", "{5E40B9B3-D093-4BC6-96AE-5DE0BF06A4A5}"
EndProject
Project("{8BC9CEB8-8B4A-11D0-8D11-00A0C91BC942}") = "task10", "task10\task10.vcxproj", "{681332BC-AB8D-4456-A93B-28A72EA1DE86}"
EndProject
Global
	GlobalSection(SolutionConfigurationPlatforms) = preSolution
		Debug|x64 = Debug|x64
		Debug|x86 = Debug|x86
		Release|x64 = Release|x64
		Release|x86 = Release|x86
	EndGlobalSection
	GlobalSection(ProjectConfigurationPlatforms) = postSolution
		{77DD388C-F2DE-4689-BA31-079D99FDB787}.Debug|x64.ActiveCfg = Debug|x64
		{77DD388C-F2DE-4689-BA31-079D99FDB787}.Debug|x64.Build.0 = Debug|x64
		{77DD388C-F2DE-4689-BA31-079D99FDB787}.Debug|x86.ActiveCfg = Debug|Win32
		{77DD388C-F2DE-4689-BA31-079D99FDB787}.Debug|x86.Build.0 = Debug|Win32
		{77DD388C-F2DE-4689-BA31-079D99FDB787}.Release|x64.ActiveCfg = Release|x64
		{77DD388C-F2DE-4689-BA31-079D99FDB787}.Release|x64.Build.0 = Release|x64
		{77DD388C-F2DE-4689-BA31-079D99FDB787}.Release|x86.ActiveCfg = Release|Win32
		{77DD388C-F2DE-4689-BA31-079D99FDB787}.Release|x86.Build.0 = Release|Win32
		{CA94559A-ED8A-4F87-A7E8-82B82C7647E5}.Debug|x64.ActiveCfg = Debug|x64
		{CA94559A-ED8A-4F87-A7E8-82B82C7647E5}.Debug|x64.Build.0 = Debug|x64
		{CA94559A-ED8A-4F87-A7E8-82B82C7647E5}.Debug|x86.ActiveCfg = Debug|Win32
		{CA94559A-ED8A-4F87-A7E8-82B82C7647E5}.Debug|x86.Build.0 = Debug|Win32
		{CA94559A-ED8A-4F87-A7E8-82B82C7647E5}.Release|x64.ActiveCfg = Release|x64
		{CA94559A-ED8A-4F87-A7E8-82B82C7647E5}.Release|x64.Build.0 = Release|x64
		{CA94559A-ED8A-4F87-A7E8-82B82C7647E5}.Release|x86.ActiveCfg = Release|Win32
		{CA94559A-ED8A-4F87-A7E8-82B82C7647E5}.Release|x86.Build.0 = Release|Win32
		{8636C21D-5F47-4094-9FA5-27101E1097B1}.Debug|x64.ActiveCfg = Debug|x64
		{8636C21D-5F47-4094-9FA5-27101E1097B1}.Debug|x64.Build.0 = Debug|x64
		{8636C21D-5F47-4094-9FA5-27101E1097B1}.Debug|x86.ActiveCfg = Debug|Win32
		{8636C21D-5F47-4094-9FA5-27101E1097B1}.Debug|x86.Build.0 = Debug|Win32
		{8636C21D-5F47-4094-9FA5-27101E1097B1}.Release|x64.ActiveCfg = Release|x64
		{8636C21D-5F47-4094-9FA5-27101E1097B1}.Release|x64.Build.0 = Release|x64
		{8636C21D-5F47-4094-9FA5-27101E1097B1}.Release|x86.ActiveCfg = Release|Win32
		{8636C21D-5F47-4094-9FA5-27101E1097B1}.Release|x86.Build.0 = Release|Win32
		{451C0400-D240-4870-AA59-C15C7D847C8E}.Debug|x64.ActiveCfg = Debug|x64
		{451C0400-D240-4870-AA59-C15C7D847C8E}.Debug|x64.Build.0 = Debug|x64
		{451C0400-D240-4870-AA59-C15C7D847C8E}.Debug|x86.ActiveCfg = Debug|Win32
		{451C0400-D240-4870-AA59-C15C7D847C8E}.Debug|x86.Build.0 = Debug|Win32
		{451C0400-D240-4870-AA59-C15C7D847C8E}.Release|x64.ActiveCfg = Release|x64
		{451C0400-D240-4870-AA59-C15C7D847C8E}.Release|x64.Build.0 = Release|x64
		{451C0400-D240-4870-AA59-C15C7D847C8E}.Release|x86.ActiveCfg = Release|Win32
		{451C0400-D240-4870-AA59-C15C7D847C8E}.Release|x86.Build.0 = Release|Win32
		{8A5C9377-4D96-47B1-96A4-BAE8DA18CB6B}.Debug|x64.ActiveCfg = Debug|x64
		{8A5C9377-4D96-47B1-96A4-BAE8DA18CB6B}.Debug|x64.Build.0 = Debug|x64
		{8A5C9377-4D96-47B1-96A4-BAE8DA18CB6B}.Debug|x86.ActiveCfg = Debug|Win32
		{8A5C9377-4D96-47B1-96A4-BAE8DA18CB6B}.Debug|x86.Build.0 = Debug|Win32
		{8A5C9377-4D96-47B1-96A4-BAE8DA18CB6B}.Release|x64.ActiveCfg = Release|x64
		{8A5C9377-4D96-47B1-96A4-BAE8DA18CB6B}.Release|x64.Build.0 = Release|x64
		{8A5C9377-4D96-47B1-96A4-BAE8DA18CB6B}.Release|x86.ActiveCfg = Release|Win32
		{8A5C9377-4D96-47B1-96A4-BAE8DA18CB6B}.Release|x86.Build.0 = Release|Win32
		{9C7BABFF-0183-4E3D-A0E1-6B897C108656}.Debug|x64.ActiveCfg = Debug|x64
		{9C7BABFF-0183-4E3D-A0E1-6B897C108656}.Debug|x64.Build.0 = Debug|x64
		{9C7BABFF-0183-4E3D-A0E1-6B897C108656}.Debug|x86.ActiveCfg = Debug|Win32
		{9C7BABFF-0183-4E3D-A0E1-6B897C108656}.Debug|x86.Build.0 = Debug|Win32
		{9C7BABFF-0183-4E3D-A0E1-6B897C108656}.Release|x64.ActiveCfg = Release|x64
		{9C7BABFF-0183-4E3D-A0E1-6B897C108656}.Release|x64.Build.0 = Release|x64
		{9C7BABFF-0183-4E3D-A0E1-6B897C108656}.Release|x86.ActiveCfg = Release|Win32
		{9C7BABFF-0183-4E3D-A0E1-6B897C108656}.Release|x86.Build.0 = Release|Win32
		{1DCB0C8E-75C4-49C4-A51E-028C3F8443BB}.Debug|x64.ActiveCfg = Debug|x64
		{1DCB0C8E-75C4-49C4-A51E-028C3F8443BB}.Debug|x64.Build.0 = Debug|x64
		{1DCB0C8E-75C4-49C4-A51E-028C3F8443BB}.Debug|x86.ActiveCfg = Debug|Win32
		{1DCB0C8E-75C4-49C4-A51E-028C3F8443BB}.Debug|x86.Build.0 = Debug|Win32
		{1DCB0C8E-75C4-49C4-A51E-028C3F8443BB}.Release|x64.ActiveCfg = Release|x64
		{1DCB0C8E-75C4-49C4-A51E-028C3F8443BB}.Release|x64.Build.0 = Release|x64
		{1DCB0C8E-75C4-49C4-A51E-028C3F8443BB}.Release|x86.ActiveCfg = Release|Win32
		{1DCB0C8E-75C4-49C4-A51E-028C3F8443BB}.Release|x86.Build.0 = Release|Win32
		{F4DA354F-8CE4-40A5-A153-7F1639B0EFF7}.Debug|x64.ActiveCfg = Debug|x64
		{F4DA354F-8CE4-40A5-A153-7F1639B0EFF7}.Debug|x64.Build.0 = Debug|x64
		{F4DA354F-8CE4-40A5-A153-7F1639B0EFF7}.Debug|x86.ActiveCfg = Debug|Win32
		{F4DA354F-8CE4-40A5-A153-7F1639B0EFF7}.Debug|x86.Build.0 = Debug|Win32
		{F4DA354F-8CE4-40A5-A153-7F1639B0EFF7}.Release|x64.ActiveCfg = Release|x64
		{F4DA354F-8CE4-40A5-A153-7F1639B0EFF7}.Release|x64.Build.0 = Release|x64
		{F4DA354F-8CE4-40A5-A153-7F1639B0EFF7}.Release|x86.ActiveCfg = Release|Win32
		{F4DA354F-8CE4-40A5-A153-7F1639B0EFF7}.Release|x86.Build.0 = Release|Win32
		{5E40B9B3-D093-4BC6-96AE-5DE0BF06A4A5}.Debug|x64.ActiveCfg = Debug|x64
		{5E40B9B3-D093-4BC6-96AE-5DE0BF06A4A5}.Debug|x64.Build.0 = Debug|x64
		{5E40B9B3-D093-4BC6-96AE-5DE0BF06A4A5}.Debug|x86.ActiveCfg = Debug|Win32
		{5E40B9B3-D093-4BC6-96AE-5DE0BF06A4A5}.Debug|x86.Build.0 = Debug|Win32
		{5E40B9B3-D093-4BC6-96AE-5DE0BF06A4A5}.Release|x64.ActiveCfg = Release|x64
		{5E40B9B3-D093-4BC6-96AE-5DE0BF06A4A5}.Release|x64.Build.0 = Release|x64
		{5E40B9B3-D093-4BC6-96AE-5DE0BF06A4A5}.Release|x86.ActiveCfg = Release|Win32
		{5E40B9B3-D093-4BC6-96AE-5DE0BF06A4A5}.Release|x86.Build.0 = Release|Win32
		{681332BC-AB8D-4456-A93B-28A72EA1DE86}.Debug|x64.ActiveCfg = Debug|x64
		{681332BC-AB8D-4456-A93B-28A72EA1DE86}.Debug|x64.Build.0 = Debug|x64
		{681332BC-AB8D-4456-A93B-28A72EA1DE86}.Debug|x86.ActiveCfg = Debug|Win32
		{681332BC-AB8D-4456-A93B-28A72EA1DE86}.Debug|x86.Build.0 = Debug|Win32
		{681332BC-AB8D-4456-A93B-28A72EA1DE86}.Release|x64.ActiveCfg = Release|x64
		{681332BC-AB8D-4456-A93B-28A72EA1DE86}.Release|x64.Build.0 = Release|x64
		{681332BC-AB8D-4456-A93B-28A72EA1DE86}.Release|x86.ActiveCfg = Release|Win32
		{681332BC-AB8D-4456-A93B-28A72EA1DE86}.Release|x86.Build.0 = Release|Win32
	EndGlobalSection
	GlobalSection(SolutionProperties) = preSolution
		HideSolutionNode = FALSE
	EndGlobalSection
	GlobalSection(ExtensibilityGlobals) = postSolution
		SolutionGuid = {41900984-6D6A-41D7-8CCE-86033CF5D41D}
	EndGlobalSection
EndGlobal
