
Microsoft Visual Studio Solution File, Format Version 12.00
# Visual Studio 15
VisualStudioVersion = 15.0.28307.1622
MinimumVisualStudioVersion = 10.0.40219.1
Project("{8BC9CEB8-8B4A-11D0-8D11-00A0C91BC942}") = "2021.11.29-Homework-7", "2021.11.29-Homework-7\2021.11.29-Homework-7.vcxproj", "{B3E141E2-43E9-412C-A7C7-6236CF9A396D}"
EndProject
Global
	GlobalSection(SolutionConfigurationPlatforms) = preSolution
		Debug|x64 = Debug|x64
		Debug|x86 = Debug|x86
		Release|x64 = Release|x64
		Release|x86 = Release|x86
	EndGlobalSection
	GlobalSection(ProjectConfigurationPlatforms) = postSolution
		{B3E141E2-43E9-412C-A7C7-6236CF9A396D}.Debug|x64.ActiveCfg = Debug|x64
		{B3E141E2-43E9-412C-A7C7-6236CF9A396D}.Debug|x64.Build.0 = Debug|x64
		{B3E141E2-43E9-412C-A7C7-6236CF9A396D}.Debug|x86.ActiveCfg = Debug|Win32
		{B3E141E2-43E9-412C-A7C7-6236CF9A396D}.Debug|x86.Build.0 = Debug|Win32
		{B3E141E2-43E9-412C-A7C7-6236CF9A396D}.Release|x64.ActiveCfg = Release|x64
		{B3E141E2-43E9-412C-A7C7-6236CF9A396D}.Release|x64.Build.0 = Release|x64
		{B3E141E2-43E9-412C-A7C7-6236CF9A396D}.Release|x86.ActiveCfg = Release|Win32
		{B3E141E2-43E9-412C-A7C7-6236CF9A396D}.Release|x86.Build.0 = Release|Win32
	EndGlobalSection
	GlobalSection(SolutionProperties) = preSolution
		HideSolutionNode = FALSE
	EndGlobalSection
	GlobalSection(ExtensibilityGlobals) = postSolution
		SolutionGuid = {CFEAC0CD-7DFF-4733-BF88-7BC14AAF4FBD}
	EndGlobalSection
EndGlobal
