
Microsoft Visual Studio Solution File, Format Version 12.00
# Visual Studio 15
VisualStudioVersion = 15.0.28307.1622
MinimumVisualStudioVersion = 10.0.40219.1
Project("{8BC9CEB8-8B4A-11D0-8D11-00A0C91BC942}") = "task11", "peresdacha3\peresdacha3.vcxproj", "{83C30035-4252-4743-87E3-49DBA29BA592}"
EndProject
Project("{8BC9CEB8-8B4A-11D0-8D11-00A0C91BC942}") = "task15", "task15\task15.vcxproj", "{5CA044F9-9EA8-4F87-98E9-5816E755CC7F}"
EndProject
Project("{8BC9CEB8-8B4A-11D0-8D11-00A0C91BC942}") = "task14", "task14\task14.vcxproj", "{062E124D-4024-454A-8B01-622306B46D8D}"
EndProject
Project("{8BC9CEB8-8B4A-11D0-8D11-00A0C91BC942}") = "task12", "task 13\task 13.vcxproj", "{3AF45211-763C-4D0A-A7AE-21D3447541B2}"
EndProject
Project("{8BC9CEB8-8B4A-11D0-8D11-00A0C91BC942}") = "Task13", "Task13\Task13.vcxproj", "{D4F4CCD9-7DA4-47BF-B37B-2FE13F73A072}"
EndProject
Global
	GlobalSection(SolutionConfigurationPlatforms) = preSolution
		Debug|x64 = Debug|x64
		Debug|x86 = Debug|x86
		Release|x64 = Release|x64
		Release|x86 = Release|x86
	EndGlobalSection
	GlobalSection(ProjectConfigurationPlatforms) = postSolution
		{83C30035-4252-4743-87E3-49DBA29BA592}.Debug|x64.ActiveCfg = Debug|x64
		{83C30035-4252-4743-87E3-49DBA29BA592}.Debug|x64.Build.0 = Debug|x64
		{83C30035-4252-4743-87E3-49DBA29BA592}.Debug|x86.ActiveCfg = Debug|Win32
		{83C30035-4252-4743-87E3-49DBA29BA592}.Debug|x86.Build.0 = Debug|Win32
		{83C30035-4252-4743-87E3-49DBA29BA592}.Release|x64.ActiveCfg = Release|x64
		{83C30035-4252-4743-87E3-49DBA29BA592}.Release|x64.Build.0 = Release|x64
		{83C30035-4252-4743-87E3-49DBA29BA592}.Release|x86.ActiveCfg = Release|Win32
		{83C30035-4252-4743-87E3-49DBA29BA592}.Release|x86.Build.0 = Release|Win32
		{5CA044F9-9EA8-4F87-98E9-5816E755CC7F}.Debug|x64.ActiveCfg = Debug|x64
		{5CA044F9-9EA8-4F87-98E9-5816E755CC7F}.Debug|x64.Build.0 = Debug|x64
		{5CA044F9-9EA8-4F87-98E9-5816E755CC7F}.Debug|x86.ActiveCfg = Debug|Win32
		{5CA044F9-9EA8-4F87-98E9-5816E755CC7F}.Debug|x86.Build.0 = Debug|Win32
		{5CA044F9-9EA8-4F87-98E9-5816E755CC7F}.Release|x64.ActiveCfg = Release|x64
		{5CA044F9-9EA8-4F87-98E9-5816E755CC7F}.Release|x64.Build.0 = Release|x64
		{5CA044F9-9EA8-4F87-98E9-5816E755CC7F}.Release|x86.ActiveCfg = Release|Win32
		{5CA044F9-9EA8-4F87-98E9-5816E755CC7F}.Release|x86.Build.0 = Release|Win32
		{062E124D-4024-454A-8B01-622306B46D8D}.Debug|x64.ActiveCfg = Debug|x64
		{062E124D-4024-454A-8B01-622306B46D8D}.Debug|x64.Build.0 = Debug|x64
		{062E124D-4024-454A-8B01-622306B46D8D}.Debug|x86.ActiveCfg = Debug|Win32
		{062E124D-4024-454A-8B01-622306B46D8D}.Debug|x86.Build.0 = Debug|Win32
		{062E124D-4024-454A-8B01-622306B46D8D}.Release|x64.ActiveCfg = Release|x64
		{062E124D-4024-454A-8B01-622306B46D8D}.Release|x64.Build.0 = Release|x64
		{062E124D-4024-454A-8B01-622306B46D8D}.Release|x86.ActiveCfg = Release|Win32
		{062E124D-4024-454A-8B01-622306B46D8D}.Release|x86.Build.0 = Release|Win32
		{3AF45211-763C-4D0A-A7AE-21D3447541B2}.Debug|x64.ActiveCfg = Debug|x64
		{3AF45211-763C-4D0A-A7AE-21D3447541B2}.Debug|x64.Build.0 = Debug|x64
		{3AF45211-763C-4D0A-A7AE-21D3447541B2}.Debug|x86.ActiveCfg = Debug|Win32
		{3AF45211-763C-4D0A-A7AE-21D3447541B2}.Debug|x86.Build.0 = Debug|Win32
		{3AF45211-763C-4D0A-A7AE-21D3447541B2}.Release|x64.ActiveCfg = Release|x64
		{3AF45211-763C-4D0A-A7AE-21D3447541B2}.Release|x64.Build.0 = Release|x64
		{3AF45211-763C-4D0A-A7AE-21D3447541B2}.Release|x86.ActiveCfg = Release|Win32
		{3AF45211-763C-4D0A-A7AE-21D3447541B2}.Release|x86.Build.0 = Release|Win32
		{D4F4CCD9-7DA4-47BF-B37B-2FE13F73A072}.Debug|x64.ActiveCfg = Debug|x64
		{D4F4CCD9-7DA4-47BF-B37B-2FE13F73A072}.Debug|x64.Build.0 = Debug|x64
		{D4F4CCD9-7DA4-47BF-B37B-2FE13F73A072}.Debug|x86.ActiveCfg = Debug|Win32
		{D4F4CCD9-7DA4-47BF-B37B-2FE13F73A072}.Debug|x86.Build.0 = Debug|Win32
		{D4F4CCD9-7DA4-47BF-B37B-2FE13F73A072}.Release|x64.ActiveCfg = Release|x64
		{D4F4CCD9-7DA4-47BF-B37B-2FE13F73A072}.Release|x64.Build.0 = Release|x64
		{D4F4CCD9-7DA4-47BF-B37B-2FE13F73A072}.Release|x86.ActiveCfg = Release|Win32
		{D4F4CCD9-7DA4-47BF-B37B-2FE13F73A072}.Release|x86.Build.0 = Release|Win32
	EndGlobalSection
	GlobalSection(SolutionProperties) = preSolution
		HideSolutionNode = FALSE
	EndGlobalSection
	GlobalSection(ExtensibilityGlobals) = postSolution
		SolutionGuid = {5BAB3D8C-4F9E-4140-A3FA-8BFB5EEDB453}
	EndGlobalSection
EndGlobal
