
Microsoft Visual Studio Solution File, Format Version 12.00
# Visual Studio 15
VisualStudioVersion = 15.0.28307.1622
MinimumVisualStudioVersion = 10.0.40219.1
Project("{8BC9CEB8-8B4A-11D0-8D11-00A0C91BC942}") = "zadacha1", "dz-4-10-21\dz-4-10-21.vcxproj", "{B48A56C7-C211-44ED-8815-E1D4CB185230}"
EndProject
Project("{8BC9CEB8-8B4A-11D0-8D11-00A0C91BC942}") = "zadacha2", "ConsoleApplication1\ConsoleApplication1.vcxproj", "{513573D3-F8A2-401C-8BA0-40DD1CB37B73}"
EndProject
Project("{8BC9CEB8-8B4A-11D0-8D11-00A0C91BC942}") = "zadacha5", "zadacha5\zadacha5.vcxproj", "{802A4160-828F-4139-B997-41FADF5B5542}"
EndProject
Project("{8BC9CEB8-8B4A-11D0-8D11-00A0C91BC942}") = "zadacha9", "zadacha9\zadacha9.vcxproj", "{F771B76E-5D41-437E-9B98-BE0872D74780}"
EndProject
Project("{8BC9CEB8-8B4A-11D0-8D11-00A0C91BC942}") = "zadacha4", "zadacha4\zadacha4.vcxproj", "{3962F335-32C4-4932-9363-08C0B057D0F9}"
EndProject
Project("{8BC9CEB8-8B4A-11D0-8D11-00A0C91BC942}") = "zadacha7", "zadacha7\zadacha7.vcxproj", "{0E2AFCE4-603D-4FBA-9992-474ACE44D94C}"
EndProject
Project("{8BC9CEB8-8B4A-11D0-8D11-00A0C91BC942}") = "zadacha6", "zadacha6\zadacha6.vcxproj", "{FD944C34-2889-4C74-A314-82357E315556}"
EndProject
Project("{8BC9CEB8-8B4A-11D0-8D11-00A0C91BC942}") = "zadacha10", "zadacha10\zadacha10.vcxproj", "{D94C802D-736C-4F54-AE39-9F37A6179081}"
EndProject
Project("{8BC9CEB8-8B4A-11D0-8D11-00A0C91BC942}") = "zadacha8", "zadacha8\zadacha8.vcxproj", "{5CC9795C-6362-4E76-BCC2-87E5B19661AC}"
EndProject
Global
	GlobalSection(SolutionConfigurationPlatforms) = preSolution
		Debug|x64 = Debug|x64
		Debug|x86 = Debug|x86
		Release|x64 = Release|x64
		Release|x86 = Release|x86
	EndGlobalSection
	GlobalSection(ProjectConfigurationPlatforms) = postSolution
		{B48A56C7-C211-44ED-8815-E1D4CB185230}.Debug|x64.ActiveCfg = Debug|x64
		{B48A56C7-C211-44ED-8815-E1D4CB185230}.Debug|x64.Build.0 = Debug|x64
		{B48A56C7-C211-44ED-8815-E1D4CB185230}.Debug|x86.ActiveCfg = Debug|Win32
		{B48A56C7-C211-44ED-8815-E1D4CB185230}.Debug|x86.Build.0 = Debug|Win32
		{B48A56C7-C211-44ED-8815-E1D4CB185230}.Release|x64.ActiveCfg = Release|x64
		{B48A56C7-C211-44ED-8815-E1D4CB185230}.Release|x64.Build.0 = Release|x64
		{B48A56C7-C211-44ED-8815-E1D4CB185230}.Release|x86.ActiveCfg = Release|Win32
		{B48A56C7-C211-44ED-8815-E1D4CB185230}.Release|x86.Build.0 = Release|Win32
		{513573D3-F8A2-401C-8BA0-40DD1CB37B73}.Debug|x64.ActiveCfg = Debug|x64
		{513573D3-F8A2-401C-8BA0-40DD1CB37B73}.Debug|x64.Build.0 = Debug|x64
		{513573D3-F8A2-401C-8BA0-40DD1CB37B73}.Debug|x86.ActiveCfg = Debug|Win32
		{513573D3-F8A2-401C-8BA0-40DD1CB37B73}.Debug|x86.Build.0 = Debug|Win32
		{513573D3-F8A2-401C-8BA0-40DD1CB37B73}.Release|x64.ActiveCfg = Release|x64
		{513573D3-F8A2-401C-8BA0-40DD1CB37B73}.Release|x64.Build.0 = Release|x64
		{513573D3-F8A2-401C-8BA0-40DD1CB37B73}.Release|x86.ActiveCfg = Release|Win32
		{513573D3-F8A2-401C-8BA0-40DD1CB37B73}.Release|x86.Build.0 = Release|Win32
		{802A4160-828F-4139-B997-41FADF5B5542}.Debug|x64.ActiveCfg = Debug|x64
		{802A4160-828F-4139-B997-41FADF5B5542}.Debug|x64.Build.0 = Debug|x64
		{802A4160-828F-4139-B997-41FADF5B5542}.Debug|x86.ActiveCfg = Debug|Win32
		{802A4160-828F-4139-B997-41FADF5B5542}.Debug|x86.Build.0 = Debug|Win32
		{802A4160-828F-4139-B997-41FADF5B5542}.Release|x64.ActiveCfg = Release|x64
		{802A4160-828F-4139-B997-41FADF5B5542}.Release|x64.Build.0 = Release|x64
		{802A4160-828F-4139-B997-41FADF5B5542}.Release|x86.ActiveCfg = Release|Win32
		{802A4160-828F-4139-B997-41FADF5B5542}.Release|x86.Build.0 = Release|Win32
		{F771B76E-5D41-437E-9B98-BE0872D74780}.Debug|x64.ActiveCfg = Debug|x64
		{F771B76E-5D41-437E-9B98-BE0872D74780}.Debug|x64.Build.0 = Debug|x64
		{F771B76E-5D41-437E-9B98-BE0872D74780}.Debug|x86.ActiveCfg = Debug|Win32
		{F771B76E-5D41-437E-9B98-BE0872D74780}.Debug|x86.Build.0 = Debug|Win32
		{F771B76E-5D41-437E-9B98-BE0872D74780}.Release|x64.ActiveCfg = Release|x64
		{F771B76E-5D41-437E-9B98-BE0872D74780}.Release|x64.Build.0 = Release|x64
		{F771B76E-5D41-437E-9B98-BE0872D74780}.Release|x86.ActiveCfg = Release|Win32
		{F771B76E-5D41-437E-9B98-BE0872D74780}.Release|x86.Build.0 = Release|Win32
		{3962F335-32C4-4932-9363-08C0B057D0F9}.Debug|x64.ActiveCfg = Debug|x64
		{3962F335-32C4-4932-9363-08C0B057D0F9}.Debug|x64.Build.0 = Debug|x64
		{3962F335-32C4-4932-9363-08C0B057D0F9}.Debug|x86.ActiveCfg = Debug|Win32
		{3962F335-32C4-4932-9363-08C0B057D0F9}.Debug|x86.Build.0 = Debug|Win32
		{3962F335-32C4-4932-9363-08C0B057D0F9}.Release|x64.ActiveCfg = Release|x64
		{3962F335-32C4-4932-9363-08C0B057D0F9}.Release|x64.Build.0 = Release|x64
		{3962F335-32C4-4932-9363-08C0B057D0F9}.Release|x86.ActiveCfg = Release|Win32
		{3962F335-32C4-4932-9363-08C0B057D0F9}.Release|x86.Build.0 = Release|Win32
		{0E2AFCE4-603D-4FBA-9992-474ACE44D94C}.Debug|x64.ActiveCfg = Debug|x64
		{0E2AFCE4-603D-4FBA-9992-474ACE44D94C}.Debug|x64.Build.0 = Debug|x64
		{0E2AFCE4-603D-4FBA-9992-474ACE44D94C}.Debug|x86.ActiveCfg = Debug|Win32
		{0E2AFCE4-603D-4FBA-9992-474ACE44D94C}.Debug|x86.Build.0 = Debug|Win32
		{0E2AFCE4-603D-4FBA-9992-474ACE44D94C}.Release|x64.ActiveCfg = Release|x64
		{0E2AFCE4-603D-4FBA-9992-474ACE44D94C}.Release|x64.Build.0 = Release|x64
		{0E2AFCE4-603D-4FBA-9992-474ACE44D94C}.Release|x86.ActiveCfg = Release|Win32
		{0E2AFCE4-603D-4FBA-9992-474ACE44D94C}.Release|x86.Build.0 = Release|Win32
		{FD944C34-2889-4C74-A314-82357E315556}.Debug|x64.ActiveCfg = Debug|x64
		{FD944C34-2889-4C74-A314-82357E315556}.Debug|x64.Build.0 = Debug|x64
		{FD944C34-2889-4C74-A314-82357E315556}.Debug|x86.ActiveCfg = Debug|Win32
		{FD944C34-2889-4C74-A314-82357E315556}.Debug|x86.Build.0 = Debug|Win32
		{FD944C34-2889-4C74-A314-82357E315556}.Release|x64.ActiveCfg = Release|x64
		{FD944C34-2889-4C74-A314-82357E315556}.Release|x64.Build.0 = Release|x64
		{FD944C34-2889-4C74-A314-82357E315556}.Release|x86.ActiveCfg = Release|Win32
		{FD944C34-2889-4C74-A314-82357E315556}.Release|x86.Build.0 = Release|Win32
		{D94C802D-736C-4F54-AE39-9F37A6179081}.Debug|x64.ActiveCfg = Debug|x64
		{D94C802D-736C-4F54-AE39-9F37A6179081}.Debug|x64.Build.0 = Debug|x64
		{D94C802D-736C-4F54-AE39-9F37A6179081}.Debug|x86.ActiveCfg = Debug|Win32
		{D94C802D-736C-4F54-AE39-9F37A6179081}.Debug|x86.Build.0 = Debug|Win32
		{D94C802D-736C-4F54-AE39-9F37A6179081}.Release|x64.ActiveCfg = Release|x64
		{D94C802D-736C-4F54-AE39-9F37A6179081}.Release|x64.Build.0 = Release|x64
		{D94C802D-736C-4F54-AE39-9F37A6179081}.Release|x86.ActiveCfg = Release|Win32
		{D94C802D-736C-4F54-AE39-9F37A6179081}.Release|x86.Build.0 = Release|Win32
		{5CC9795C-6362-4E76-BCC2-87E5B19661AC}.Debug|x64.ActiveCfg = Debug|x64
		{5CC9795C-6362-4E76-BCC2-87E5B19661AC}.Debug|x64.Build.0 = Debug|x64
		{5CC9795C-6362-4E76-BCC2-87E5B19661AC}.Debug|x86.ActiveCfg = Debug|Win32
		{5CC9795C-6362-4E76-BCC2-87E5B19661AC}.Debug|x86.Build.0 = Debug|Win32
		{5CC9795C-6362-4E76-BCC2-87E5B19661AC}.Release|x64.ActiveCfg = Release|x64
		{5CC9795C-6362-4E76-BCC2-87E5B19661AC}.Release|x64.Build.0 = Release|x64
		{5CC9795C-6362-4E76-BCC2-87E5B19661AC}.Release|x86.ActiveCfg = Release|Win32
		{5CC9795C-6362-4E76-BCC2-87E5B19661AC}.Release|x86.Build.0 = Release|Win32
	EndGlobalSection
	GlobalSection(SolutionProperties) = preSolution
		HideSolutionNode = FALSE
	EndGlobalSection
	GlobalSection(ExtensibilityGlobals) = postSolution
		SolutionGuid = {98127F3C-8BF2-4949-9F41-CE0C654703C8}
	EndGlobalSection
EndGlobal
